
Microsoft Visual Studio Solution File, Format Version 12.00
# Visual Studio Version 17
VisualStudioVersion = 17.4.33205.214
MinimumVisualStudioVersion = 10.0.40219.1
Project("{E24C65DC-7377-472B-9ABA-BC803B73C61A}") = "todolist", "todolist\", "{B64A99E3-41D2-47FD-A19D-4361783A7890}"
	ProjectSection(WebsiteProperties) = preProject
		TargetFrameworkMoniker = ".NETFramework,Version%3Dv4.8.1"
		Debug.AspNetCompiler.VirtualPath = "/localhost_61732"
		Debug.AspNetCompiler.PhysicalPath = "todolist\"
		Debug.AspNetCompiler.TargetPath = "PrecompiledWeb\localhost_61732\"
		Debug.AspNetCompiler.Updateable = "true"
		Debug.AspNetCompiler.ForceOverwrite = "true"
		Debug.AspNetCompiler.FixedNames = "false"
		Debug.AspNetCompiler.Debug = "True"
		Release.AspNetCompiler.VirtualPath = "/localhost_61732"
		Release.AspNetCompiler.PhysicalPath = "todolist\"
		Release.AspNetCompiler.TargetPath = "PrecompiledWeb\localhost_61732\"
		Release.AspNetCompiler.Updateable = "true"
		Release.AspNetCompiler.ForceOverwrite = "true"
		Release.AspNetCompiler.FixedNames = "false"
		Release.AspNetCompiler.Debug = "False"
		VWDPort = "61732"
		SlnRelativePath = "todolist\"
	EndProjectSection
EndProject
Global
	GlobalSection(SolutionConfigurationPlatforms) = preSolution
		Debug|Any CPU = Debug|Any CPU
	EndGlobalSection
	GlobalSection(ProjectConfigurationPlatforms) = postSolution
		{B64A99E3-41D2-47FD-A19D-4361783A7890}.Debug|Any CPU.ActiveCfg = Debug|Any CPU
		{B64A99E3-41D2-47FD-A19D-4361783A7890}.Debug|Any CPU.Build.0 = Debug|Any CPU
	EndGlobalSection
	GlobalSection(SolutionProperties) = preSolution
		HideSolutionNode = FALSE
	EndGlobalSection
	GlobalSection(ExtensibilityGlobals) = postSolution
		SolutionGuid = {08D884CA-B97E-4AAE-B704-EF64F8244705}
	EndGlobalSection
EndGlobal
